
Microsoft Visual Studio Solution File, Format Version 12.00
# Visual Studio Version 16
VisualStudioVersion = 16.0.34902.97
MinimumVisualStudioVersion = 10.0.40219.1
Project("{FAE04EC0-301F-11D3-BF4B-00C04F79EFBC}") = "web2", "web2.csproj", "{D686B05E-57E9-4C85-B2C4-B9BBB8C52DC4}"
EndProject
Global
	GlobalSection(SolutionConfigurationPlatforms) = preSolution
		Debug|Any CPU = Debug|Any CPU
		Release|Any CPU = Release|Any CPU
	EndGlobalSection
	GlobalSection(ProjectConfigurationPlatforms) = postSolution
		{D686B05E-57E9-4C85-B2C4-B9BBB8C52DC4}.Debug|Any CPU.ActiveCfg = Debug|Any CPU
		{D686B05E-57E9-4C85-B2C4-B9BBB8C52DC4}.Debug|Any CPU.Build.0 = Debug|Any CPU
		{D686B05E-57E9-4C85-B2C4-B9BBB8C52DC4}.Release|Any CPU.ActiveCfg = Release|Any CPU
		{D686B05E-57E9-4C85-B2C4-B9BBB8C52DC4}.Release|Any CPU.Build.0 = Release|Any CPU
	EndGlobalSection
	GlobalSection(SolutionProperties) = preSolution
		HideSolutionNode = FALSE
	EndGlobalSection
	GlobalSection(ExtensibilityGlobals) = postSolution
		SolutionGuid = {875C6EB9-9422-4A03-934F-A1D0C7B6166A}
	EndGlobalSection
EndGlobal
