
Microsoft Visual Studio Solution File, Format Version 12.00
# Visual Studio Version 16
VisualStudioVersion = 16.0.34902.97
MinimumVisualStudioVersion = 10.0.40219.1
Project("{FAE04EC0-301F-11D3-BF4B-00C04F79EFBC}") = "web2", "web2.csproj", "{714BC3D6-2BE8-46E4-B1DB-55D504CC6DA9}"
EndProject
Global
	GlobalSection(SolutionConfigurationPlatforms) = preSolution
		Debug|Any CPU = Debug|Any CPU
		Release|Any CPU = Release|Any CPU
	EndGlobalSection
	GlobalSection(ProjectConfigurationPlatforms) = postSolution
		{714BC3D6-2BE8-46E4-B1DB-55D504CC6DA9}.Debug|Any CPU.ActiveCfg = Debug|Any CPU
		{714BC3D6-2BE8-46E4-B1DB-55D504CC6DA9}.Debug|Any CPU.Build.0 = Debug|Any CPU
		{714BC3D6-2BE8-46E4-B1DB-55D504CC6DA9}.Release|Any CPU.ActiveCfg = Release|Any CPU
		{714BC3D6-2BE8-46E4-B1DB-55D504CC6DA9}.Release|Any CPU.Build.0 = Release|Any CPU
	EndGlobalSection
	GlobalSection(SolutionProperties) = preSolution
		HideSolutionNode = FALSE
	EndGlobalSection
	GlobalSection(ExtensibilityGlobals) = postSolution
		SolutionGuid = {EA2BD2C2-6DA6-442A-A73E-667001FBB35A}
	EndGlobalSection
EndGlobal
