
Microsoft Visual Studio Solution File, Format Version 12.00
# Visual Studio Version 16
VisualStudioVersion = 16.0.34902.97
MinimumVisualStudioVersion = 10.0.40219.1
Project("{888888A0-9F3D-457C-B088-3A5042F75D52}") = "Assignment8_KB_without", "Assignment8_KB_without.pyproj", "{F443A4DE-F2BE-42EC-9AF9-53962EDA2171}"
EndProject
Global
	GlobalSection(SolutionConfigurationPlatforms) = preSolution
		Debug|Any CPU = Debug|Any CPU
		Release|Any CPU = Release|Any CPU
	EndGlobalSection
	GlobalSection(ProjectConfigurationPlatforms) = postSolution
		{F443A4DE-F2BE-42EC-9AF9-53962EDA2171}.Debug|Any CPU.ActiveCfg = Debug|Any CPU
		{F443A4DE-F2BE-42EC-9AF9-53962EDA2171}.Release|Any CPU.ActiveCfg = Release|Any CPU
	EndGlobalSection
	GlobalSection(SolutionProperties) = preSolution
		HideSolutionNode = FALSE
	EndGlobalSection
	GlobalSection(ExtensibilityGlobals) = postSolution
		SolutionGuid = {32302FFA-551D-4081-B416-591D31C4CF85}
	EndGlobalSection
EndGlobal
