
Microsoft Visual Studio Solution File, Format Version 12.00
# Visual Studio Version 16
VisualStudioVersion = 16.0.34902.97
MinimumVisualStudioVersion = 10.0.40219.1
Project("{888888A0-9F3D-457C-B088-3A5042F75D52}") = "Assignment4_KB", "Assignment4_KB.pyproj", "{2C2AFF20-3C8D-48DE-988F-859BCEAD41E4}"
EndProject
Global
	GlobalSection(SolutionConfigurationPlatforms) = preSolution
		Debug|Any CPU = Debug|Any CPU
		Release|Any CPU = Release|Any CPU
	EndGlobalSection
	GlobalSection(ProjectConfigurationPlatforms) = postSolution
		{2C2AFF20-3C8D-48DE-988F-859BCEAD41E4}.Debug|Any CPU.ActiveCfg = Debug|Any CPU
		{2C2AFF20-3C8D-48DE-988F-859BCEAD41E4}.Release|Any CPU.ActiveCfg = Release|Any CPU
	EndGlobalSection
	GlobalSection(SolutionProperties) = preSolution
		HideSolutionNode = FALSE
	EndGlobalSection
	GlobalSection(ExtensibilityGlobals) = postSolution
		SolutionGuid = {B77C485F-2AAE-40F3-9F9E-79F6652C22D4}
	EndGlobalSection
EndGlobal
