
Microsoft Visual Studio Solution File, Format Version 12.00
# Visual Studio Version 16
VisualStudioVersion = 16.0.34902.97
MinimumVisualStudioVersion = 10.0.40219.1
Project("{888888A0-9F3D-457C-B088-3A5042F75D52}") = "Project2_KB_Revised", "Project2_KB_Revised.pyproj", "{FCE52797-0EF8-460E-B2C3-F0CF90BD5613}"
EndProject
Global
	GlobalSection(SolutionConfigurationPlatforms) = preSolution
		Debug|Any CPU = Debug|Any CPU
		Release|Any CPU = Release|Any CPU
	EndGlobalSection
	GlobalSection(ProjectConfigurationPlatforms) = postSolution
		{FCE52797-0EF8-460E-B2C3-F0CF90BD5613}.Debug|Any CPU.ActiveCfg = Debug|Any CPU
		{FCE52797-0EF8-460E-B2C3-F0CF90BD5613}.Release|Any CPU.ActiveCfg = Release|Any CPU
	EndGlobalSection
	GlobalSection(SolutionProperties) = preSolution
		HideSolutionNode = FALSE
	EndGlobalSection
	GlobalSection(ExtensibilityGlobals) = postSolution
		SolutionGuid = {45872AF5-733C-4EB1-A72A-B532D1574F2E}
	EndGlobalSection
EndGlobal
